{
  "pins" : [
    {
      "identity" : "simplenetwork",
      "kind" : "remoteSourceControl",
      "location" : "https://github.com/lukacs-m/SimpleNetwork",
      "state" : {
        "branch" : "main",
        "revision" : "81c2891490ff9211a23d5458568458e34d0497c1"
      }
    }
  ],
  "version" : 2
}
