{
  "pins" : [
    {
      "identity" : "simplenetwork",
      "kind" : "remoteSourceControl",
      "location" : "https://github.com/lukacs-m/SimpleNetwork",
      "state" : {
        "revision" : "8654f970fec43cd44b20b3fdea6fa62fef06f76e",
        "version" : "0.1.0"
      }
    }
  ],
  "version" : 2
}
